{
  "version": 4,
  "terraform_version": "1.11.1",
  "serial": 9,
  "lineage": "19d161f8-59b2-a4e8-5da0-f4129bca071f",
  "outputs": {
    "public_ip": {
      "value": "172.191.55.56",
      "type": "string"
    }
  },
  "resources": [
    {
      "mode": "managed",
      "type": "azurerm_linux_virtual_machine",
      "name": "vm",
      "provider": "provider[\"registry.terraform.io/hashicorp/azurerm\"]",
      "instances": [
        {
          "schema_version": 0,
          "attributes": {
            "additional_capabilities": [],
            "admin_password": null,
            "admin_ssh_key": [
              {
                "public_key": "ssh-rsa AAAAB3NzaC1yc2EAAAADAQABAAACAQCcutxiT02OvjMk+Fd6rNBmzkCDEsaA4DXmKrVWwcAWzzStNJc9qjHbcHVy2B5ahPMdwAaLJrNUh7fZbt5TrkGIS8N081hHNmc8AlCwAKJhREhOz3rWr00K7Pi3hw5kjahKoz0kaAx9UCDqJRdUsYdNKGTGXKghODWjGMbwBTcOTuX1mxK6vjHxwuM5KSdGlQ4h48c2cQZuIoT/17feqFwh6kwJWjtU9zgJdudDBPCLMGqyFPbIQg3mFX6vfq26f4/tTen6YeWjJ5UguinMQr2CFDym5bOoMjUC1h2X+IgNjWTvL2bl3jqnd1nnmDyUjUNB6qTpG92JYdZGZbL6pZycgW9HLvpBC0kdRUU3vTA2l7OuHLlsc4QeaAA+1cLMwPBShQIirTrapnCKM8VzzgwVPEgI0t2FqataesvN1bA8Rce5xNB1/uc513ouHz+AxD6fj5NzxH6PzGGZbRznKoA7OzHVw/Az4kjK8gZhJHuZaqbInJ03TAOjp74me2OfNKhKaCdYpJ4w5PhGI/AUFCZrS58xiJNU96gnlzZi6stTpzKas/fgKF/q3Tm2/PhK3uhWe9+vwpcgs2f8/NJZ9aPSEVNZQg3Xcq0YT45ufAqh2gzUMAomLkUL3gEdC0wlOiKJm4KE26SHe73tRMSN8bwaI2Xxl9vMytsCl0z7VZ8QJQ== priyankabaral@Priyankas-MacBook-Pro.local\n",
                "username": "adminuser"
              }
            ],
            "admin_username": "adminuser",
            "allow_extension_operations": true,
            "availability_set_id": "",
            "boot_diagnostics": [],
            "bypass_platform_safety_checks_on_user_schedule_enabled": false,
            "capacity_reservation_group_id": "",
            "computer_name": "flask-vm",
            "custom_data": null,
            "dedicated_host_group_id": "",
            "dedicated_host_id": "",
            "disable_password_authentication": true,
            "disk_controller_type": "",
            "edge_zone": "",
            "encryption_at_host_enabled": false,
            "eviction_policy": "",
            "extensions_time_budget": "PT1H30M",
            "gallery_application": [],
            "id": "/subscriptions/f9b3e2dd-1ccb-4e99-b9ef-42caeffe9bd9/resourceGroups/flask-rg/providers/Microsoft.Compute/virtualMachines/flask-vm",
            "identity": [],
            "license_type": "",
            "location": "eastus",
            "max_bid_price": -1,
            "name": "flask-vm",
            "network_interface_ids": [
              "/subscriptions/f9b3e2dd-1ccb-4e99-b9ef-42caeffe9bd9/resourceGroups/flask-rg/providers/Microsoft.Network/networkInterfaces/flask-nic"
            ],
            "os_disk": [
              {
                "caching": "ReadWrite",
                "diff_disk_settings": [],
                "disk_encryption_set_id": "",
                "disk_size_gb": 30,
                "id": "/subscriptions/f9b3e2dd-1ccb-4e99-b9ef-42caeffe9bd9/resourceGroups/flask-rg/providers/Microsoft.Compute/disks/flask-vm_disk1_75d0faf2fa164ff89bb845539f15ee34",
                "name": "flask-vm_disk1_75d0faf2fa164ff89bb845539f15ee34",
                "secure_vm_disk_encryption_set_id": "",
                "security_encryption_type": "",
                "storage_account_type": "Standard_LRS",
                "write_accelerator_enabled": false
              }
            ],
            "os_image_notification": [],
            "patch_assessment_mode": "ImageDefault",
            "patch_mode": "ImageDefault",
            "plan": [],
            "platform_fault_domain": -1,
            "priority": "Regular",
            "private_ip_address": "10.0.1.4",
            "private_ip_addresses": [
              "10.0.1.4"
            ],
            "provision_vm_agent": true,
            "proximity_placement_group_id": "",
            "public_ip_address": "172.191.55.56",
            "public_ip_addresses": [
              "172.191.55.56"
            ],
            "reboot_setting": "",
            "resource_group_name": "flask-rg",
            "secret": [],
            "secure_boot_enabled": false,
            "size": "Standard_B1s",
            "source_image_id": "",
            "source_image_reference": [
              {
                "offer": "UbuntuServer",
                "publisher": "Canonical",
                "sku": "18.04-LTS",
                "version": "latest"
              }
            ],
            "tags": null,
            "termination_notification": null,
            "timeouts": null,
            "user_data": "",
            "virtual_machine_id": "e10c1c3b-aaf8-4188-9c3c-c05df0645204",
            "virtual_machine_scale_set_id": "",
            "vm_agent_platform_updates_enabled": false,
            "vtpm_enabled": false,
            "zone": ""
          },
          "sensitive_attributes": [
            [
              {
                "type": "get_attr",
                "value": "custom_data"
              }
            ],
            [
              {
                "type": "get_attr",
                "value": "admin_password"
              }
            ]
          ],
          "private": "eyJlMmJmYjczMC1lY2FhLTExZTYtOGY4OC0zNDM2M2JjN2M0YzAiOnsiY3JlYXRlIjoyNzAwMDAwMDAwMDAwLCJkZWxldGUiOjI3MDAwMDAwMDAwMDAsInJlYWQiOjMwMDAwMDAwMDAwMCwidXBkYXRlIjoyNzAwMDAwMDAwMDAwfX0=",
          "dependencies": [
            "azurerm_network_interface.nic",
            "azurerm_public_ip.public_ip",
            "azurerm_resource_group.rg",
            "azurerm_subnet.subnet",
            "azurerm_virtual_network.vnet"
          ]
        }
      ]
    },
    {
      "mode": "managed",
      "type": "azurerm_network_interface",
      "name": "nic",
      "provider": "provider[\"registry.terraform.io/hashicorp/azurerm\"]",
      "instances": [
        {
          "schema_version": 0,
          "attributes": {
            "accelerated_networking_enabled": false,
            "applied_dns_servers": [],
            "auxiliary_mode": "",
            "auxiliary_sku": "",
            "dns_servers": null,
            "edge_zone": "",
            "id": "/subscriptions/f9b3e2dd-1ccb-4e99-b9ef-42caeffe9bd9/resourceGroups/flask-rg/providers/Microsoft.Network/networkInterfaces/flask-nic",
            "internal_dns_name_label": "",
            "internal_domain_name_suffix": "blx1vt0o0gbudfj1ycpkkuysqb.bx.internal.cloudapp.net",
            "ip_configuration": [
              {
                "gateway_load_balancer_frontend_ip_configuration_id": "",
                "name": "internal",
                "primary": true,
                "private_ip_address": "10.0.1.4",
                "private_ip_address_allocation": "Dynamic",
                "private_ip_address_version": "IPv4",
                "public_ip_address_id": "/subscriptions/f9b3e2dd-1ccb-4e99-b9ef-42caeffe9bd9/resourceGroups/flask-rg/providers/Microsoft.Network/publicIPAddresses/flask-ip",
                "subnet_id": "/subscriptions/f9b3e2dd-1ccb-4e99-b9ef-42caeffe9bd9/resourceGroups/flask-rg/providers/Microsoft.Network/virtualNetworks/flask-vnet/subnets/flask-subnet"
              }
            ],
            "ip_forwarding_enabled": false,
            "location": "eastus",
            "mac_address": "",
            "name": "flask-nic",
            "private_ip_address": "10.0.1.4",
            "private_ip_addresses": [
              "10.0.1.4"
            ],
            "resource_group_name": "flask-rg",
            "tags": null,
            "timeouts": null,
            "virtual_machine_id": ""
          },
          "sensitive_attributes": [],
          "private": "eyJlMmJmYjczMC1lY2FhLTExZTYtOGY4OC0zNDM2M2JjN2M0YzAiOnsiY3JlYXRlIjoxODAwMDAwMDAwMDAwLCJkZWxldGUiOjE4MDAwMDAwMDAwMDAsInJlYWQiOjMwMDAwMDAwMDAwMCwidXBkYXRlIjoxODAwMDAwMDAwMDAwfX0=",
          "dependencies": [
            "azurerm_public_ip.public_ip",
            "azurerm_resource_group.rg",
            "azurerm_subnet.subnet",
            "azurerm_virtual_network.vnet"
          ]
        }
      ]
    },
    {
      "mode": "managed",
      "type": "azurerm_network_security_group",
      "name": "nsg",
      "provider": "provider[\"registry.terraform.io/hashicorp/azurerm\"]",
      "instances": [
        {
          "schema_version": 0,
          "attributes": {
            "id": "/subscriptions/f9b3e2dd-1ccb-4e99-b9ef-42caeffe9bd9/resourceGroups/flask-rg/providers/Microsoft.Network/networkSecurityGroups/flask-nsg",
            "location": "eastus",
            "name": "flask-nsg",
            "resource_group_name": "flask-rg",
            "security_rule": [
              {
                "access": "Allow",
                "description": "",
                "destination_address_prefix": "*",
                "destination_address_prefixes": [],
                "destination_application_security_group_ids": [],
                "destination_port_range": "22",
                "destination_port_ranges": [],
                "direction": "Inbound",
                "name": "SSH",
                "priority": 100,
                "protocol": "Tcp",
                "source_address_prefix": "*",
                "source_address_prefixes": [],
                "source_application_security_group_ids": [],
                "source_port_range": "*",
                "source_port_ranges": []
              },
              {
                "access": "Allow",
                "description": "",
                "destination_address_prefix": "*",
                "destination_address_prefixes": [],
                "destination_application_security_group_ids": [],
                "destination_port_range": "5000",
                "destination_port_ranges": [],
                "direction": "Inbound",
                "name": "FlaskApp",
                "priority": 110,
                "protocol": "Tcp",
                "source_address_prefix": "*",
                "source_address_prefixes": [],
                "source_application_security_group_ids": [],
                "source_port_range": "*",
                "source_port_ranges": []
              }
            ],
            "tags": null,
            "timeouts": null
          },
          "sensitive_attributes": [],
          "private": "eyJlMmJmYjczMC1lY2FhLTExZTYtOGY4OC0zNDM2M2JjN2M0YzAiOnsiY3JlYXRlIjoxODAwMDAwMDAwMDAwLCJkZWxldGUiOjE4MDAwMDAwMDAwMDAsInJlYWQiOjMwMDAwMDAwMDAwMCwidXBkYXRlIjoxODAwMDAwMDAwMDAwfX0=",
          "dependencies": [
            "azurerm_resource_group.rg"
          ]
        }
      ]
    },
    {
      "mode": "managed",
      "type": "azurerm_public_ip",
      "name": "public_ip",
      "provider": "provider[\"registry.terraform.io/hashicorp/azurerm\"]",
      "instances": [
        {
          "schema_version": 0,
          "attributes": {
            "allocation_method": "Static",
            "ddos_protection_mode": "VirtualNetworkInherited",
            "ddos_protection_plan_id": null,
            "domain_name_label": null,
            "domain_name_label_scope": null,
            "edge_zone": "",
            "fqdn": null,
            "id": "/subscriptions/f9b3e2dd-1ccb-4e99-b9ef-42caeffe9bd9/resourceGroups/flask-rg/providers/Microsoft.Network/publicIPAddresses/flask-ip",
            "idle_timeout_in_minutes": 4,
            "ip_address": "172.191.55.56",
            "ip_tags": null,
            "ip_version": "IPv4",
            "location": "eastus",
            "name": "flask-ip",
            "public_ip_prefix_id": null,
            "resource_group_name": "flask-rg",
            "reverse_fqdn": null,
            "sku": "Standard",
            "sku_tier": "Regional",
            "tags": null,
            "timeouts": null,
            "zones": null
          },
          "sensitive_attributes": [],
          "private": "eyJlMmJmYjczMC1lY2FhLTExZTYtOGY4OC0zNDM2M2JjN2M0YzAiOnsiY3JlYXRlIjoxODAwMDAwMDAwMDAwLCJkZWxldGUiOjE4MDAwMDAwMDAwMDAsInJlYWQiOjMwMDAwMDAwMDAwMCwidXBkYXRlIjoxODAwMDAwMDAwMDAwfX0=",
          "dependencies": [
            "azurerm_resource_group.rg"
          ]
        }
      ]
    },
    {
      "mode": "managed",
      "type": "azurerm_resource_group",
      "name": "rg",
      "provider": "provider[\"registry.terraform.io/hashicorp/azurerm\"]",
      "instances": [
        {
          "schema_version": 0,
          "attributes": {
            "id": "/subscriptions/f9b3e2dd-1ccb-4e99-b9ef-42caeffe9bd9/resourceGroups/flask-rg",
            "location": "eastus",
            "managed_by": "",
            "name": "flask-rg",
            "tags": null,
            "timeouts": null
          },
          "sensitive_attributes": [],
          "private": "eyJlMmJmYjczMC1lY2FhLTExZTYtOGY4OC0zNDM2M2JjN2M0YzAiOnsiY3JlYXRlIjo1NDAwMDAwMDAwMDAwLCJkZWxldGUiOjU0MDAwMDAwMDAwMDAsInJlYWQiOjMwMDAwMDAwMDAwMCwidXBkYXRlIjo1NDAwMDAwMDAwMDAwfX0="
        }
      ]
    },
    {
      "mode": "managed",
      "type": "azurerm_subnet",
      "name": "subnet",
      "provider": "provider[\"registry.terraform.io/hashicorp/azurerm\"]",
      "instances": [
        {
          "schema_version": 0,
          "attributes": {
            "address_prefixes": [
              "10.0.1.0/24"
            ],
            "default_outbound_access_enabled": true,
            "delegation": [],
            "id": "/subscriptions/f9b3e2dd-1ccb-4e99-b9ef-42caeffe9bd9/resourceGroups/flask-rg/providers/Microsoft.Network/virtualNetworks/flask-vnet/subnets/flask-subnet",
            "name": "flask-subnet",
            "private_endpoint_network_policies": "Disabled",
            "private_link_service_network_policies_enabled": true,
            "resource_group_name": "flask-rg",
            "service_endpoint_policy_ids": null,
            "service_endpoints": null,
            "timeouts": null,
            "virtual_network_name": "flask-vnet"
          },
          "sensitive_attributes": [],
          "private": "eyJlMmJmYjczMC1lY2FhLTExZTYtOGY4OC0zNDM2M2JjN2M0YzAiOnsiY3JlYXRlIjoxODAwMDAwMDAwMDAwLCJkZWxldGUiOjE4MDAwMDAwMDAwMDAsInJlYWQiOjMwMDAwMDAwMDAwMCwidXBkYXRlIjoxODAwMDAwMDAwMDAwfX0=",
          "dependencies": [
            "azurerm_resource_group.rg",
            "azurerm_virtual_network.vnet"
          ]
        }
      ]
    },
    {
      "mode": "managed",
      "type": "azurerm_subnet_network_security_group_association",
      "name": "assoc",
      "provider": "provider[\"registry.terraform.io/hashicorp/azurerm\"]",
      "instances": [
        {
          "schema_version": 0,
          "attributes": {
            "id": "/subscriptions/f9b3e2dd-1ccb-4e99-b9ef-42caeffe9bd9/resourceGroups/flask-rg/providers/Microsoft.Network/virtualNetworks/flask-vnet/subnets/flask-subnet",
            "network_security_group_id": "/subscriptions/f9b3e2dd-1ccb-4e99-b9ef-42caeffe9bd9/resourceGroups/flask-rg/providers/Microsoft.Network/networkSecurityGroups/flask-nsg",
            "subnet_id": "/subscriptions/f9b3e2dd-1ccb-4e99-b9ef-42caeffe9bd9/resourceGroups/flask-rg/providers/Microsoft.Network/virtualNetworks/flask-vnet/subnets/flask-subnet",
            "timeouts": null
          },
          "sensitive_attributes": [],
          "private": "eyJlMmJmYjczMC1lY2FhLTExZTYtOGY4OC0zNDM2M2JjN2M0YzAiOnsiY3JlYXRlIjoxODAwMDAwMDAwMDAwLCJkZWxldGUiOjE4MDAwMDAwMDAwMDAsInJlYWQiOjMwMDAwMDAwMDAwMH19",
          "dependencies": [
            "azurerm_network_security_group.nsg",
            "azurerm_resource_group.rg",
            "azurerm_subnet.subnet",
            "azurerm_virtual_network.vnet"
          ]
        }
      ]
    },
    {
      "mode": "managed",
      "type": "azurerm_virtual_network",
      "name": "vnet",
      "provider": "provider[\"registry.terraform.io/hashicorp/azurerm\"]",
      "instances": [
        {
          "schema_version": 0,
          "attributes": {
            "address_space": [
              "10.0.0.0/16"
            ],
            "bgp_community": "",
            "ddos_protection_plan": [],
            "dns_servers": [],
            "edge_zone": "",
            "encryption": [],
            "flow_timeout_in_minutes": 0,
            "guid": "cfbaef0a-d14e-4183-953b-c09ea5531281",
            "id": "/subscriptions/f9b3e2dd-1ccb-4e99-b9ef-42caeffe9bd9/resourceGroups/flask-rg/providers/Microsoft.Network/virtualNetworks/flask-vnet",
            "location": "eastus",
            "name": "flask-vnet",
            "private_endpoint_vnet_policies": "Disabled",
            "resource_group_name": "flask-rg",
            "subnet": [],
            "tags": null,
            "timeouts": null
          },
          "sensitive_attributes": [],
          "private": "eyJlMmJmYjczMC1lY2FhLTExZTYtOGY4OC0zNDM2M2JjN2M0YzAiOnsiY3JlYXRlIjoxODAwMDAwMDAwMDAwLCJkZWxldGUiOjE4MDAwMDAwMDAwMDAsInJlYWQiOjMwMDAwMDAwMDAwMCwidXBkYXRlIjoxODAwMDAwMDAwMDAwfX0=",
          "dependencies": [
            "azurerm_resource_group.rg"
          ]
        }
      ]
    }
  ],
  "check_results": null
}
